
Microsoft Visual Studio Solution File, Format Version 12.00
# Visual Studio 15
VisualStudioVersion = 15.0.28307.438
MinimumVisualStudioVersion = 10.0.40219.1
Project("{F184B08F-C81C-45F6-A57F-5ABD9991F28F}") = "DefEditSoftware.Encryption", "DefEditSoftware.Encryption\DefEditSoftware.Encryption.vbproj", "{82EDD5FD-997C-466D-B2D6-6CCD0B370408}"
EndProject
Global
	GlobalSection(SolutionConfigurationPlatforms) = preSolution
		Debug|Any CPU = Debug|Any CPU
		Release|Any CPU = Release|Any CPU
	EndGlobalSection
	GlobalSection(ProjectConfigurationPlatforms) = postSolution
		{82EDD5FD-997C-466D-B2D6-6CCD0B370408}.Debug|Any CPU.ActiveCfg = Debug|Any CPU
		{82EDD5FD-997C-466D-B2D6-6CCD0B370408}.Debug|Any CPU.Build.0 = Debug|Any CPU
		{82EDD5FD-997C-466D-B2D6-6CCD0B370408}.Release|Any CPU.ActiveCfg = Release|Any CPU
		{82EDD5FD-997C-466D-B2D6-6CCD0B370408}.Release|Any CPU.Build.0 = Release|Any CPU
	EndGlobalSection
	GlobalSection(SolutionProperties) = preSolution
		HideSolutionNode = FALSE
	EndGlobalSection
	GlobalSection(ExtensibilityGlobals) = postSolution
		SolutionGuid = {5CAF7AD8-E0EC-4C56-BCB2-26D9194C555B}
	EndGlobalSection
EndGlobal
